{
  "name": "qiqqa_tooling_up",
  "version": "1.0.0",
  "lockfileVersion": 1,
  "requires": true,
  "dependencies": {
    "zotero-bibtex-parse": {
      "version": "0.0.13",
      "resolved": "https://registry.npmjs.org/zotero-bibtex-parse/-/zotero-bibtex-parse-0.0.13.tgz",
      "integrity": "sha1-H3AYk3Tilh+okMEPC8XdrpfWNms=",
      "dev": true
    }
  }
}
